
Microsoft Visual Studio Solution File, Format Version 12.00
# Visual Studio Version 17
VisualStudioVersion = 17.2.32616.157
MinimumVisualStudioVersion = 10.0.40219.1
Project("{9092AA53-FB77-4645-B42D-1CCCA6BD08BD}") = "NodejsConsoleApp1", "NodejsConsoleApp1\NodejsConsoleApp1.njsproj", "{45D4DEB7-C486-413D-8095-22F73A6BFCAB}"
EndProject
Global
	GlobalSection(SolutionConfigurationPlatforms) = preSolution
		Debug|Any CPU = Debug|Any CPU
		Release|Any CPU = Release|Any CPU
	EndGlobalSection
	GlobalSection(ProjectConfigurationPlatforms) = postSolution
		{45D4DEB7-C486-413D-8095-22F73A6BFCAB}.Debug|Any CPU.ActiveCfg = Debug|Any CPU
		{45D4DEB7-C486-413D-8095-22F73A6BFCAB}.Debug|Any CPU.Build.0 = Debug|Any CPU
		{45D4DEB7-C486-413D-8095-22F73A6BFCAB}.Release|Any CPU.ActiveCfg = Release|Any CPU
		{45D4DEB7-C486-413D-8095-22F73A6BFCAB}.Release|Any CPU.Build.0 = Release|Any CPU
	EndGlobalSection
	GlobalSection(SolutionProperties) = preSolution
		HideSolutionNode = FALSE
	EndGlobalSection
	GlobalSection(ExtensibilityGlobals) = postSolution
		SolutionGuid = {2D7CA56F-0DC0-415B-ACD8-9237905A4F1F}
	EndGlobalSection
EndGlobal
